
Microsoft Visual Studio Solution File, Format Version 12.00
# Visual Studio Version 17
VisualStudioVersion = 17.8.34330.188
MinimumVisualStudioVersion = 10.0.40219.1
Project("{FAE04EC0-301F-11D3-BF4B-00C04F79EFBC}") = "SeleniumAndNUnit", "SeleniumAndNUnit.csproj", "{830EC2BB-3BC0-45FA-BCFC-7108EF053570}"
EndProject
Global
	GlobalSection(SolutionConfigurationPlatforms) = preSolution
		Debug|Any CPU = Debug|Any CPU
		Release|Any CPU = Release|Any CPU
	EndGlobalSection
	GlobalSection(ProjectConfigurationPlatforms) = postSolution
		{830EC2BB-3BC0-45FA-BCFC-7108EF053570}.Debug|Any CPU.ActiveCfg = Debug|Any CPU
		{830EC2BB-3BC0-45FA-BCFC-7108EF053570}.Debug|Any CPU.Build.0 = Debug|Any CPU
		{830EC2BB-3BC0-45FA-BCFC-7108EF053570}.Release|Any CPU.ActiveCfg = Release|Any CPU
		{830EC2BB-3BC0-45FA-BCFC-7108EF053570}.Release|Any CPU.Build.0 = Release|Any CPU
	EndGlobalSection
	GlobalSection(SolutionProperties) = preSolution
		HideSolutionNode = FALSE
	EndGlobalSection
	GlobalSection(ExtensibilityGlobals) = postSolution
		SolutionGuid = {8F9E390D-E2F6-4A62-8D4C-8F37EBCE2EE7}
	EndGlobalSection
EndGlobal
